{
  "pins" : [
    {
      "identity" : "expandabletext",
      "kind" : "remoteSourceControl",
      "location" : "https://github.com/n3d1117/ExpandableText.git",
      "state" : {
        "revision" : "3707127edfb075d26f6f14c940702974ed887f33",
        "version" : "1.0.0"
      }
    }
  ],
  "version" : 2
}
